
Microsoft Visual Studio Solution File, Format Version 12.00
# Visual Studio Version 16
VisualStudioVersion = 16.0.29306.81
MinimumVisualStudioVersion = 10.0.40219.1
Project("{FAE04EC0-301F-11D3-BF4B-00C04F79EFBC}") = "ProjetoLivrosLista", "ProjetoLivrosLista\ProjetoLivrosLista.csproj", "{49443B69-0B47-4373-A66E-A0C0F82A2C73}"
EndProject
Global
	GlobalSection(SolutionConfigurationPlatforms) = preSolution
		Debug|Any CPU = Debug|Any CPU
		Release|Any CPU = Release|Any CPU
	EndGlobalSection
	GlobalSection(ProjectConfigurationPlatforms) = postSolution
		{49443B69-0B47-4373-A66E-A0C0F82A2C73}.Debug|Any CPU.ActiveCfg = Debug|Any CPU
		{49443B69-0B47-4373-A66E-A0C0F82A2C73}.Debug|Any CPU.Build.0 = Debug|Any CPU
		{49443B69-0B47-4373-A66E-A0C0F82A2C73}.Release|Any CPU.ActiveCfg = Release|Any CPU
		{49443B69-0B47-4373-A66E-A0C0F82A2C73}.Release|Any CPU.Build.0 = Release|Any CPU
	EndGlobalSection
	GlobalSection(SolutionProperties) = preSolution
		HideSolutionNode = FALSE
	EndGlobalSection
	GlobalSection(ExtensibilityGlobals) = postSolution
		SolutionGuid = {F06BE214-F799-43BA-9237-6E1E613865EB}
	EndGlobalSection
EndGlobal
